// !$*UTF8*$!
{
	archiveVersion = 1;
	classes = {
	};
	objectVersion = 46;
	objects = {

/* Begin PBXBuildFile section */
		2E4636C61DD74477004941D2 /* AppDelegate.swift in Sources */ = {isa = PBXBuildFile; fileRef = 2E4636C51DD74477004941D2 /* AppDelegate.swift */; };
		2E4636C81DD74477004941D2 /* ViewController.swift in Sources */ = {isa = PBXBuildFile; fileRef = 2E4636C71DD74477004941D2 /* ViewController.swift */; };
		2E4636CB1DD74477004941D2 /* Main.storyboard in Resources */ = {isa = PBXBuildFile; fileRef = 2E4636C91DD74477004941D2 /* Main.storyboard */; };
		2E4636CD1DD74477004941D2 /* Assets.xcassets in Resources */ = {isa = PBXBuildFile; fileRef = 2E4636CC1DD74477004941D2 /* Assets.xcassets */; };
		2E4636D01DD74477004941D2 /* LaunchScreen.storyboard in Resources */ = {isa = PBXBuildFile; fileRef = 2E4636CE1DD74477004941D2 /* LaunchScreen.storyboard */; };
		2E4636DB1DD74478004941D2 /* SongBookTests.swift in Sources */ = {isa = PBXBuildFile; fileRef = 2E4636DA1DD74478004941D2 /* SongBookTests.swift */; };
		2E4636E61DD74478004941D2 /* SongBookUITests.swift in Sources */ = {isa = PBXBuildFile; fileRef = 2E4636E51DD74478004941D2 /* SongBookUITests.swift */; };
		2E4637271DD74FCD004941D2 /* song#07.pdf in Resources */ = {isa = PBXBuildFile; fileRef = 2E4636F51DD74FCD004941D2 /* song#07.pdf */; };
		2E4637281DD74FCD004941D2 /* song#12.pdf in Resources */ = {isa = PBXBuildFile; fileRef = 2E4636F61DD74FCD004941D2 /* song#12.pdf */; };
		2E4637291DD74FCD004941D2 /* song#17_2.pdf in Resources */ = {isa = PBXBuildFile; fileRef = 2E4636F71DD74FCD004941D2 /* song#17_2.pdf */; };
		2E46372A1DD74FCD004941D2 /* song#17.pdf in Resources */ = {isa = PBXBuildFile; fileRef = 2E4636F81DD74FCD004941D2 /* song#17.pdf */; };
		2E46372B1DD74FCD004941D2 /* song#18_2.pdf in Resources */ = {isa = PBXBuildFile; fileRef = 2E4636F91DD74FCD004941D2 /* song#18_2.pdf */; };
		2E46372C1DD74FCD004941D2 /* song#18.pdf in Resources */ = {isa = PBXBuildFile; fileRef = 2E4636FA1DD74FCD004941D2 /* song#18.pdf */; };
		2E46372D1DD74FCD004941D2 /* song#22_2.pdf in Resources */ = {isa = PBXBuildFile; fileRef = 2E4636FB1DD74FCD004941D2 /* song#22_2.pdf */; };
		2E46372E1DD74FCD004941D2 /* song#22.pdf in Resources */ = {isa = PBXBuildFile; fileRef = 2E4636FC1DD74FCD004941D2 /* song#22.pdf */; };
		2E46372F1DD74FCD004941D2 /* song#27_2.pdf in Resources */ = {isa = PBXBuildFile; fileRef = 2E4636FD1DD74FCD004941D2 /* song#27_2.pdf */; };
		2E4637301DD74FCD004941D2 /* song#27.pdf in Resources */ = {isa = PBXBuildFile; fileRef = 2E4636FE1DD74FCD004941D2 /* song#27.pdf */; };
		2E4637311DD74FCD004941D2 /* song#29_2.pdf in Resources */ = {isa = PBXBuildFile; fileRef = 2E4636FF1DD74FCD004941D2 /* song#29_2.pdf */; };
		2E4637321DD74FCD004941D2 /* song#29.pdf in Resources */ = {isa = PBXBuildFile; fileRef = 2E4637001DD74FCD004941D2 /* song#29.pdf */; };
		2E4637331DD74FCD004941D2 /* song#30_2.pdf in Resources */ = {isa = PBXBuildFile; fileRef = 2E4637011DD74FCD004941D2 /* song#30_2.pdf */; };
		2E4637341DD74FCD004941D2 /* song#30.pdf in Resources */ = {isa = PBXBuildFile; fileRef = 2E4637021DD74FCD004941D2 /* song#30.pdf */; };
		2E4637351DD74FCD004941D2 /* song#43_2.pdf in Resources */ = {isa = PBXBuildFile; fileRef = 2E4637031DD74FCD004941D2 /* song#43_2.pdf */; };
		2E4637361DD74FCD004941D2 /* song#43.pdf in Resources */ = {isa = PBXBuildFile; fileRef = 2E4637041DD74FCD004941D2 /* song#43.pdf */; };
		2E4637371DD74FCD004941D2 /* song#48_2.pdf in Resources */ = {isa = PBXBuildFile; fileRef = 2E4637051DD74FCD004941D2 /* song#48_2.pdf */; };
		2E4637381DD74FCD004941D2 /* song#48.pdf in Resources */ = {isa = PBXBuildFile; fileRef = 2E4637061DD74FCD004941D2 /* song#48.pdf */; };
		2E4637391DD74FCD004941D2 /* song#49_2.pdf in Resources */ = {isa = PBXBuildFile; fileRef = 2E4637071DD74FCD004941D2 /* song#49_2.pdf */; };
		2E46373A1DD74FCD004941D2 /* song#49.pdf in Resources */ = {isa = PBXBuildFile; fileRef = 2E4637081DD74FCD004941D2 /* song#49.pdf */; };
		2E46373B1DD74FCD004941D2 /* song#50_2.pdf in Resources */ = {isa = PBXBuildFile; fileRef = 2E4637091DD74FCD004941D2 /* song#50_2.pdf */; };
		2E46373C1DD74FCD004941D2 /* song#50.pdf in Resources */ = {isa = PBXBuildFile; fileRef = 2E46370A1DD74FCD004941D2 /* song#50.pdf */; };
		2E46373D1DD74FCD004941D2 /* song#54_2.pdf in Resources */ = {isa = PBXBuildFile; fileRef = 2E46370B1DD74FCD004941D2 /* song#54_2.pdf */; };
		2E46373E1DD74FCD004941D2 /* song#54.pdf in Resources */ = {isa = PBXBuildFile; fileRef = 2E46370C1DD74FCD004941D2 /* song#54.pdf */; };
		2E46373F1DD74FCD004941D2 /* song#61_2.pdf in Resources */ = {isa = PBXBuildFile; fileRef = 2E46370D1DD74FCD004941D2 /* song#61_2.pdf */; };
		2E4637401DD74FCD004941D2 /* song#61.pdf in Resources */ = {isa = PBXBuildFile; fileRef = 2E46370E1DD74FCD004941D2 /* song#61.pdf */; };
		2E4637411DD74FCD004941D2 /* song#63.pdf in Resources */ = {isa = PBXBuildFile; fileRef = 2E46370F1DD74FCD004941D2 /* song#63.pdf */; };
		2E4637421DD74FCD004941D2 /* song#66.pdf in Resources */ = {isa = PBXBuildFile; fileRef = 2E4637101DD74FCD004941D2 /* song#66.pdf */; };
		2E4637431DD74FCD004941D2 /* song#80.pdf in Resources */ = {isa = PBXBuildFile; fileRef = 2E4637111DD74FCD004941D2 /* song#80.pdf */; };
		2E4637441DD74FCD004941D2 /* song#81_2.pdf in Resources */ = {isa = PBXBuildFile; fileRef = 2E4637121DD74FCD004941D2 /* song#81_2.pdf */; };
		2E4637451DD74FCD004941D2 /* song#81.pdf in Resources */ = {isa = PBXBuildFile; fileRef = 2E4637131DD74FCD004941D2 /* song#81.pdf */; };
		2E4637461DD74FCD004941D2 /* song#86_2.pdf in Resources */ = {isa = PBXBuildFile; fileRef = 2E4637141DD74FCD004941D2 /* song#86_2.pdf */; };
		2E4637471DD74FCD004941D2 /* song#86.pdf in Resources */ = {isa = PBXBuildFile; fileRef = 2E4637151DD74FCD004941D2 /* song#86.pdf */; };
		2E4637481DD74FCD004941D2 /* song#88_2.pdf in Resources */ = {isa = PBXBuildFile; fileRef = 2E4637161DD74FCD004941D2 /* song#88_2.pdf */; };
		2E4637491DD74FCD004941D2 /* song#88.pdf in Resources */ = {isa = PBXBuildFile; fileRef = 2E4637171DD74FCD004941D2 /* song#88.pdf */; };
		2E46374A1DD74FCD004941D2 /* song#97_2.pdf in Resources */ = {isa = PBXBuildFile; fileRef = 2E4637181DD74FCD004941D2 /* song#97_2.pdf */; };
		2E46374B1DD74FCD004941D2 /* song#97.pdf in Resources */ = {isa = PBXBuildFile; fileRef = 2E4637191DD74FCD004941D2 /* song#97.pdf */; };
		2E46374C1DD74FCD004941D2 /* song#102_2.pdf in Resources */ = {isa = PBXBuildFile; fileRef = 2E46371A1DD74FCD004941D2 /* song#102_2.pdf */; };
		2E46374D1DD74FCD004941D2 /* song#102.pdf in Resources */ = {isa = PBXBuildFile; fileRef = 2E46371B1DD74FCD004941D2 /* song#102.pdf */; };
		2E46374E1DD74FCD004941D2 /* song#105.pdf in Resources */ = {isa = PBXBuildFile; fileRef = 2E46371C1DD74FCD004941D2 /* song#105.pdf */; };
		2E46374F1DD74FCD004941D2 /* song#106.pdf in Resources */ = {isa = PBXBuildFile; fileRef = 2E46371D1DD74FCD004941D2 /* song#106.pdf */; };
		2E4637501DD74FCD004941D2 /* song#108_2.pdf in Resources */ = {isa = PBXBuildFile; fileRef = 2E46371E1DD74FCD004941D2 /* song#108_2.pdf */; };
		2E4637511DD74FCD004941D2 /* song#108.pdf in Resources */ = {isa = PBXBuildFile; fileRef = 2E46371F1DD74FCD004941D2 /* song#108.pdf */; };
		2E4637521DD74FCD004941D2 /* song#123.pdf in Resources */ = {isa = PBXBuildFile; fileRef = 2E4637201DD74FCD004941D2 /* song#123.pdf */; };
		2E4637531DD74FCD004941D2 /* song#125_2.pdf in Resources */ = {isa = PBXBuildFile; fileRef = 2E4637211DD74FCD004941D2 /* song#125_2.pdf */; };
		2E4637541DD74FCD004941D2 /* song#125.pdf in Resources */ = {isa = PBXBuildFile; fileRef = 2E4637221DD74FCD004941D2 /* song#125.pdf */; };
		2E4637551DD74FCD004941D2 /* song#131_2.pdf in Resources */ = {isa = PBXBuildFile; fileRef = 2E4637231DD74FCD004941D2 /* song#131_2.pdf */; };
		2E4637561DD74FCD004941D2 /* song#131.pdf in Resources */ = {isa = PBXBuildFile; fileRef = 2E4637241DD74FCD004941D2 /* song#131.pdf */; };
		2E4637571DD74FCD004941D2 /* song#133_2.pdf in Resources */ = {isa = PBXBuildFile; fileRef = 2E4637251DD74FCD004941D2 /* song#133_2.pdf */; };
		2E4637581DD74FCD004941D2 /* song#133.pdf in Resources */ = {isa = PBXBuildFile; fileRef = 2E4637261DD74FCD004941D2 /* song#133.pdf */; };
		2EA044151DDF279E0006CFE9 /* song#136.pdf in Resources */ = {isa = PBXBuildFile; fileRef = 2EA044021DDF279E0006CFE9 /* song#136.pdf */; };
		2EA044161DDF279E0006CFE9 /* song#137.pdf in Resources */ = {isa = PBXBuildFile; fileRef = 2EA044031DDF279E0006CFE9 /* song#137.pdf */; };
		2EA044171DDF279E0006CFE9 /* song#138.pdf in Resources */ = {isa = PBXBuildFile; fileRef = 2EA044041DDF279E0006CFE9 /* song#138.pdf */; };
		2EA044181DDF279E0006CFE9 /* song#139.pdf in Resources */ = {isa = PBXBuildFile; fileRef = 2EA044051DDF279E0006CFE9 /* song#139.pdf */; };
		2EA044191DDF279E0006CFE9 /* song#140.pdf in Resources */ = {isa = PBXBuildFile; fileRef = 2EA044061DDF279E0006CFE9 /* song#140.pdf */; };
		2EA0441A1DDF279E0006CFE9 /* song#141.pdf in Resources */ = {isa = PBXBuildFile; fileRef = 2EA044071DDF279E0006CFE9 /* song#141.pdf */; };
		2EA0441B1DDF279E0006CFE9 /* song#142.pdf in Resources */ = {isa = PBXBuildFile; fileRef = 2EA044081DDF279E0006CFE9 /* song#142.pdf */; };
		2EA0441C1DDF279E0006CFE9 /* song#143.pdf in Resources */ = {isa = PBXBuildFile; fileRef = 2EA044091DDF279E0006CFE9 /* song#143.pdf */; };
		2EA0441D1DDF279E0006CFE9 /* song#144_2.pdf in Resources */ = {isa = PBXBuildFile; fileRef = 2EA0440A1DDF279E0006CFE9 /* song#144_2.pdf */; };
		2EA0441E1DDF279E0006CFE9 /* song#144.pdf in Resources */ = {isa = PBXBuildFile; fileRef = 2EA0440B1DDF279E0006CFE9 /* song#144.pdf */; };
		2EA0441F1DDF279E0006CFE9 /* song#145.pdf in Resources */ = {isa = PBXBuildFile; fileRef = 2EA0440C1DDF279E0006CFE9 /* song#145.pdf */; };
		2EA044201DDF279E0006CFE9 /* song#146_2.pdf in Resources */ = {isa = PBXBuildFile; fileRef = 2EA0440D1DDF279E0006CFE9 /* song#146_2.pdf */; };
		2EA044211DDF279E0006CFE9 /* song#146.pdf in Resources */ = {isa = PBXBuildFile; fileRef = 2EA0440E1DDF279E0006CFE9 /* song#146.pdf */; };
		2EA044221DDF279E0006CFE9 /* song#147.pdf in Resources */ = {isa = PBXBuildFile; fileRef = 2EA0440F1DDF279E0006CFE9 /* song#147.pdf */; };
		2EA044231DDF279E0006CFE9 /* song#148_2.pdf in Resources */ = {isa = PBXBuildFile; fileRef = 2EA044101DDF279E0006CFE9 /* song#148_2.pdf */; };
		2EA044241DDF279E0006CFE9 /* song#148.pdf in Resources */ = {isa = PBXBuildFile; fileRef = 2EA044111DDF279E0006CFE9 /* song#148.pdf */; };
		2EA044251DDF279E0006CFE9 /* song#149.pdf in Resources */ = {isa = PBXBuildFile; fileRef = 2EA044121DDF279E0006CFE9 /* song#149.pdf */; };
		2EA044261DDF279E0006CFE9 /* song#152_2.pdf in Resources */ = {isa = PBXBuildFile; fileRef = 2EA044131DDF279E0006CFE9 /* song#152_2.pdf */; };
		2EA044271DDF279E0006CFE9 /* song#152.pdf in Resources */ = {isa = PBXBuildFile; fileRef = 2EA044141DDF279E0006CFE9 /* song#152.pdf */; };
/* End PBXBuildFile section */

/* Begin PBXContainerItemProxy section */
		2E4636D71DD74478004941D2 /* PBXContainerItemProxy */ = {
			isa = PBXContainerItemProxy;
			containerPortal = 2E4636BA1DD74477004941D2 /* Project object */;
			proxyType = 1;
			remoteGlobalIDString = 2E4636C11DD74477004941D2;
			remoteInfo = SongBook;
		};
		2E4636E21DD74478004941D2 /* PBXContainerItemProxy */ = {
			isa = PBXContainerItemProxy;
			containerPortal = 2E4636BA1DD74477004941D2 /* Project object */;
			proxyType = 1;
			remoteGlobalIDString = 2E4636C11DD74477004941D2;
			remoteInfo = SongBook;
		};
/* End PBXContainerItemProxy section */

/* Begin PBXFileReference section */
		2E4636C21DD74477004941D2 /* SongBook.app */ = {isa = PBXFileReference; explicitFileType = wrapper.application; includeInIndex = 0; path = SongBook.app; sourceTree = BUILT_PRODUCTS_DIR; };
		2E4636C51DD74477004941D2 /* AppDelegate.swift */ = {isa = PBXFileReference; lastKnownFileType = sourcecode.swift; path = AppDelegate.swift; sourceTree = "<group>"; };
		2E4636C71DD74477004941D2 /* ViewController.swift */ = {isa = PBXFileReference; lastKnownFileType = sourcecode.swift; path = ViewController.swift; sourceTree = "<group>"; };
		2E4636CA1DD74477004941D2 /* Base */ = {isa = PBXFileReference; lastKnownFileType = file.storyboard; name = Base; path = Base.lproj/Main.storyboard; sourceTree = "<group>"; };
		2E4636CC1DD74477004941D2 /* Assets.xcassets */ = {isa = PBXFileReference; lastKnownFileType = folder.assetcatalog; path = Assets.xcassets; sourceTree = "<group>"; };
		2E4636CF1DD74477004941D2 /* Base */ = {isa = PBXFileReference; lastKnownFileType = file.storyboard; name = Base; path = Base.lproj/LaunchScreen.storyboard; sourceTree = "<group>"; };
		2E4636D11DD74477004941D2 /* Info.plist */ = {isa = PBXFileReference; lastKnownFileType = text.plist.xml; path = Info.plist; sourceTree = "<group>"; };
		2E4636D61DD74478004941D2 /* SongBookTests.xctest */ = {isa = PBXFileReference; explicitFileType = wrapper.cfbundle; includeInIndex = 0; path = SongBookTests.xctest; sourceTree = BUILT_PRODUCTS_DIR; };
		2E4636DA1DD74478004941D2 /* SongBookTests.swift */ = {isa = PBXFileReference; lastKnownFileType = sourcecode.swift; path = SongBookTests.swift; sourceTree = "<group>"; };
		2E4636DC1DD74478004941D2 /* Info.plist */ = {isa = PBXFileReference; lastKnownFileType = text.plist.xml; path = Info.plist; sourceTree = "<group>"; };
		2E4636E11DD74478004941D2 /* SongBookUITests.xctest */ = {isa = PBXFileReference; explicitFileType = wrapper.cfbundle; includeInIndex = 0; path = SongBookUITests.xctest; sourceTree = BUILT_PRODUCTS_DIR; };
		2E4636E51DD74478004941D2 /* SongBookUITests.swift */ = {isa = PBXFileReference; lastKnownFileType = sourcecode.swift; path = SongBookUITests.swift; sourceTree = "<group>"; };
		2E4636E71DD74478004941D2 /* Info.plist */ = {isa = PBXFileReference; lastKnownFileType = text.plist.xml; path = Info.plist; sourceTree = "<group>"; };
		2E4636F51DD74FCD004941D2 /* song#07.pdf */ = {isa = PBXFileReference; lastKnownFileType = image.pdf; name = "song#07.pdf"; path = "SongBook/SongBookPDF/song#07.pdf"; sourceTree = "<group>"; };
		2E4636F61DD74FCD004941D2 /* song#12.pdf */ = {isa = PBXFileReference; lastKnownFileType = image.pdf; name = "song#12.pdf"; path = "SongBook/SongBookPDF/song#12.pdf"; sourceTree = "<group>"; };
		2E4636F71DD74FCD004941D2 /* song#17_2.pdf */ = {isa = PBXFileReference; lastKnownFileType = image.pdf; name = "song#17_2.pdf"; path = "SongBook/SongBookPDF/song#17_2.pdf"; sourceTree = "<group>"; };
		2E4636F81DD74FCD004941D2 /* song#17.pdf */ = {isa = PBXFileReference; lastKnownFileType = image.pdf; name = "song#17.pdf"; path = "SongBook/SongBookPDF/song#17.pdf"; sourceTree = "<group>"; };
		2E4636F91DD74FCD004941D2 /* song#18_2.pdf */ = {isa = PBXFileReference; lastKnownFileType = image.pdf; name = "song#18_2.pdf"; path = "SongBook/SongBookPDF/song#18_2.pdf"; sourceTree = "<group>"; };
		2E4636FA1DD74FCD004941D2 /* song#18.pdf */ = {isa = PBXFileReference; lastKnownFileType = image.pdf; name = "song#18.pdf"; path = "SongBook/SongBookPDF/song#18.pdf"; sourceTree = "<group>"; };
		2E4636FB1DD74FCD004941D2 /* song#22_2.pdf */ = {isa = PBXFileReference; lastKnownFileType = image.pdf; name = "song#22_2.pdf"; path = "SongBook/SongBookPDF/song#22_2.pdf"; sourceTree = "<group>"; };
		2E4636FC1DD74FCD004941D2 /* song#22.pdf */ = {isa = PBXFileReference; lastKnownFileType = image.pdf; name = "song#22.pdf"; path = "SongBook/SongBookPDF/song#22.pdf"; sourceTree = "<group>"; };
		2E4636FD1DD74FCD004941D2 /* song#27_2.pdf */ = {isa = PBXFileReference; lastKnownFileType = image.pdf; name = "song#27_2.pdf"; path = "SongBook/SongBookPDF/song#27_2.pdf"; sourceTree = "<group>"; };
		2E4636FE1DD74FCD004941D2 /* song#27.pdf */ = {isa = PBXFileReference; lastKnownFileType = image.pdf; name = "song#27.pdf"; path = "SongBook/SongBookPDF/song#27.pdf"; sourceTree = "<group>"; };
		2E4636FF1DD74FCD004941D2 /* song#29_2.pdf */ = {isa = PBXFileReference; lastKnownFileType = image.pdf; name = "song#29_2.pdf"; path = "SongBook/SongBookPDF/song#29_2.pdf"; sourceTree = "<group>"; };
		2E4637001DD74FCD004941D2 /* song#29.pdf */ = {isa = PBXFileReference; lastKnownFileType = image.pdf; name = "song#29.pdf"; path = "SongBook/SongBookPDF/song#29.pdf"; sourceTree = "<group>"; };
		2E4637011DD74FCD004941D2 /* song#30_2.pdf */ = {isa = PBXFileReference; lastKnownFileType = image.pdf; name = "song#30_2.pdf"; path = "SongBook/SongBookPDF/song#30_2.pdf"; sourceTree = "<group>"; };
		2E4637021DD74FCD004941D2 /* song#30.pdf */ = {isa = PBXFileReference; lastKnownFileType = image.pdf; name = "song#30.pdf"; path = "SongBook/SongBookPDF/song#30.pdf"; sourceTree = "<group>"; };
		2E4637031DD74FCD004941D2 /* song#43_2.pdf */ = {isa = PBXFileReference; lastKnownFileType = image.pdf; name = "song#43_2.pdf"; path = "SongBook/SongBookPDF/song#43_2.pdf"; sourceTree = "<group>"; };
		2E4637041DD74FCD004941D2 /* song#43.pdf */ = {isa = PBXFileReference; lastKnownFileType = image.pdf; name = "song#43.pdf"; path = "SongBook/SongBookPDF/song#43.pdf"; sourceTree = "<group>"; };
		2E4637051DD74FCD004941D2 /* song#48_2.pdf */ = {isa = PBXFileReference; lastKnownFileType = image.pdf; name = "song#48_2.pdf"; path = "SongBook/SongBookPDF/song#48_2.pdf"; sourceTree = "<group>"; };
		2E4637061DD74FCD004941D2 /* song#48.pdf */ = {isa = PBXFileReference; lastKnownFileType = image.pdf; name = "song#48.pdf"; path = "SongBook/SongBookPDF/song#48.pdf"; sourceTree = "<group>"; };
		2E4637071DD74FCD004941D2 /* song#49_2.pdf */ = {isa = PBXFileReference; lastKnownFileType = image.pdf; name = "song#49_2.pdf"; path = "SongBook/SongBookPDF/song#49_2.pdf"; sourceTree = "<group>"; };
		2E4637081DD74FCD004941D2 /* song#49.pdf */ = {isa = PBXFileReference; lastKnownFileType = image.pdf; name = "song#49.pdf"; path = "SongBook/SongBookPDF/song#49.pdf"; sourceTree = "<group>"; };
		2E4637091DD74FCD004941D2 /* song#50_2.pdf */ = {isa = PBXFileReference; lastKnownFileType = image.pdf; name = "song#50_2.pdf"; path = "SongBook/SongBookPDF/song#50_2.pdf"; sourceTree = "<group>"; };
		2E46370A1DD74FCD004941D2 /* song#50.pdf */ = {isa = PBXFileReference; lastKnownFileType = image.pdf; name = "song#50.pdf"; path = "SongBook/SongBookPDF/song#50.pdf"; sourceTree = "<group>"; };
		2E46370B1DD74FCD004941D2 /* song#54_2.pdf */ = {isa = PBXFileReference; lastKnownFileType = image.pdf; name = "song#54_2.pdf"; path = "SongBook/SongBookPDF/song#54_2.pdf"; sourceTree = "<group>"; };
		2E46370C1DD74FCD004941D2 /* song#54.pdf */ = {isa = PBXFileReference; lastKnownFileType = image.pdf; name = "song#54.pdf"; path = "SongBook/SongBookPDF/song#54.pdf"; sourceTree = "<group>"; };
		2E46370D1DD74FCD004941D2 /* song#61_2.pdf */ = {isa = PBXFileReference; lastKnownFileType = image.pdf; name = "song#61_2.pdf"; path = "SongBook/SongBookPDF/song#61_2.pdf"; sourceTree = "<group>"; };
		2E46370E1DD74FCD004941D2 /* song#61.pdf */ = {isa = PBXFileReference; lastKnownFileType = image.pdf; name = "song#61.pdf"; path = "SongBook/SongBookPDF/song#61.pdf"; sourceTree = "<group>"; };
		2E46370F1DD74FCD004941D2 /* song#63.pdf */ = {isa = PBXFileReference; lastKnownFileType = image.pdf; name = "song#63.pdf"; path = "SongBook/SongBookPDF/song#63.pdf"; sourceTree = "<group>"; };
		2E4637101DD74FCD004941D2 /* song#66.pdf */ = {isa = PBXFileReference; lastKnownFileType = image.pdf; name = "song#66.pdf"; path = "SongBook/SongBookPDF/song#66.pdf"; sourceTree = "<group>"; };
		2E4637111DD74FCD004941D2 /* song#80.pdf */ = {isa = PBXFileReference; lastKnownFileType = image.pdf; name = "song#80.pdf"; path = "SongBook/SongBookPDF/song#80.pdf"; sourceTree = "<group>"; };
		2E4637121DD74FCD004941D2 /* song#81_2.pdf */ = {isa = PBXFileReference; lastKnownFileType = image.pdf; name = "song#81_2.pdf"; path = "SongBook/SongBookPDF/song#81_2.pdf"; sourceTree = "<group>"; };
		2E4637131DD74FCD004941D2 /* song#81.pdf */ = {isa = PBXFileReference; lastKnownFileType = image.pdf; name = "song#81.pdf"; path = "SongBook/SongBookPDF/song#81.pdf"; sourceTree = "<group>"; };
		2E4637141DD74FCD004941D2 /* song#86_2.pdf */ = {isa = PBXFileReference; lastKnownFileType = image.pdf; name = "song#86_2.pdf"; path = "SongBook/SongBookPDF/song#86_2.pdf"; sourceTree = "<group>"; };
		2E4637151DD74FCD004941D2 /* song#86.pdf */ = {isa = PBXFileReference; lastKnownFileType = image.pdf; name = "song#86.pdf"; path = "SongBook/SongBookPDF/song#86.pdf"; sourceTree = "<group>"; };
		2E4637161DD74FCD004941D2 /* song#88_2.pdf */ = {isa = PBXFileReference; lastKnownFileType = image.pdf; name = "song#88_2.pdf"; path = "SongBook/SongBookPDF/song#88_2.pdf"; sourceTree = "<group>"; };
		2E4637171DD74FCD004941D2 /* song#88.pdf */ = {isa = PBXFileReference; lastKnownFileType = image.pdf; name = "song#88.pdf"; path = "SongBook/SongBookPDF/song#88.pdf"; sourceTree = "<group>"; };
		2E4637181DD74FCD004941D2 /* song#97_2.pdf */ = {isa = PBXFileReference; lastKnownFileType = image.pdf; name = "song#97_2.pdf"; path = "SongBook/SongBookPDF/song#97_2.pdf"; sourceTree = "<group>"; };
		2E4637191DD74FCD004941D2 /* song#97.pdf */ = {isa = PBXFileReference; lastKnownFileType = image.pdf; name = "song#97.pdf"; path = "SongBook/SongBookPDF/song#97.pdf"; sourceTree = "<group>"; };
		2E46371A1DD74FCD004941D2 /* song#102_2.pdf */ = {isa = PBXFileReference; lastKnownFileType = image.pdf; name = "song#102_2.pdf"; path = "SongBook/SongBookPDF/song#102_2.pdf"; sourceTree = "<group>"; };
		2E46371B1DD74FCD004941D2 /* song#102.pdf */ = {isa = PBXFileReference; lastKnownFileType = image.pdf; name = "song#102.pdf"; path = "SongBook/SongBookPDF/song#102.pdf"; sourceTree = "<group>"; };
		2E46371C1DD74FCD004941D2 /* song#105.pdf */ = {isa = PBXFileReference; lastKnownFileType = image.pdf; name = "song#105.pdf"; path = "SongBook/SongBookPDF/song#105.pdf"; sourceTree = "<group>"; };
		2E46371D1DD74FCD004941D2 /* song#106.pdf */ = {isa = PBXFileReference; lastKnownFileType = image.pdf; name = "song#106.pdf"; path = "SongBook/SongBookPDF/song#106.pdf"; sourceTree = "<group>"; };
		2E46371E1DD74FCD004941D2 /* song#108_2.pdf */ = {isa = PBXFileReference; lastKnownFileType = image.pdf; name = "song#108_2.pdf"; path = "SongBook/SongBookPDF/song#108_2.pdf"; sourceTree = "<group>"; };
		2E46371F1DD74FCD004941D2 /* song#108.pdf */ = {isa = PBXFileReference; lastKnownFileType = image.pdf; name = "song#108.pdf"; path = "SongBook/SongBookPDF/song#108.pdf"; sourceTree = "<group>"; };
		2E4637201DD74FCD004941D2 /* song#123.pdf */ = {isa = PBXFileReference; lastKnownFileType = image.pdf; name = "song#123.pdf"; path = "SongBook/SongBookPDF/song#123.pdf"; sourceTree = "<group>"; };
		2E4637211DD74FCD004941D2 /* song#125_2.pdf */ = {isa = PBXFileReference; lastKnownFileType = image.pdf; name = "song#125_2.pdf"; path = "SongBook/SongBookPDF/song#125_2.pdf"; sourceTree = "<group>"; };
		2E4637221DD74FCD004941D2 /* song#125.pdf */ = {isa = PBXFileReference; lastKnownFileType = image.pdf; name = "song#125.pdf"; path = "SongBook/SongBookPDF/song#125.pdf"; sourceTree = "<group>"; };
		2E4637231DD74FCD004941D2 /* song#131_2.pdf */ = {isa = PBXFileReference; lastKnownFileType = image.pdf; name = "song#131_2.pdf"; path = "SongBook/SongBookPDF/song#131_2.pdf"; sourceTree = "<group>"; };
		2E4637241DD74FCD004941D2 /* song#131.pdf */ = {isa = PBXFileReference; lastKnownFileType = image.pdf; name = "song#131.pdf"; path = "SongBook/SongBookPDF/song#131.pdf"; sourceTree = "<group>"; };
		2E4637251DD74FCD004941D2 /* song#133_2.pdf */ = {isa = PBXFileReference; lastKnownFileType = image.pdf; name = "song#133_2.pdf"; path = "SongBook/SongBookPDF/song#133_2.pdf"; sourceTree = "<group>"; };
		2E4637261DD74FCD004941D2 /* song#133.pdf */ = {isa = PBXFileReference; lastKnownFileType = image.pdf; name = "song#133.pdf"; path = "SongBook/SongBookPDF/song#133.pdf"; sourceTree = "<group>"; };
		2EA044021DDF279E0006CFE9 /* song#136.pdf */ = {isa = PBXFileReference; lastKnownFileType = image.pdf; name = "song#136.pdf"; path = "SongBook/SongBookPDF/song#136.pdf"; sourceTree = "<group>"; };
		2EA044031DDF279E0006CFE9 /* song#137.pdf */ = {isa = PBXFileReference; lastKnownFileType = image.pdf; name = "song#137.pdf"; path = "SongBook/SongBookPDF/song#137.pdf"; sourceTree = "<group>"; };
		2EA044041DDF279E0006CFE9 /* song#138.pdf */ = {isa = PBXFileReference; lastKnownFileType = image.pdf; name = "song#138.pdf"; path = "SongBook/SongBookPDF/song#138.pdf"; sourceTree = "<group>"; };
		2EA044051DDF279E0006CFE9 /* song#139.pdf */ = {isa = PBXFileReference; lastKnownFileType = image.pdf; name = "song#139.pdf"; path = "SongBook/SongBookPDF/song#139.pdf"; sourceTree = "<group>"; };
		2EA044061DDF279E0006CFE9 /* song#140.pdf */ = {isa = PBXFileReference; lastKnownFileType = image.pdf; name = "song#140.pdf"; path = "SongBook/SongBookPDF/song#140.pdf"; sourceTree = "<group>"; };
		2EA044071DDF279E0006CFE9 /* song#141.pdf */ = {isa = PBXFileReference; lastKnownFileType = image.pdf; name = "song#141.pdf"; path = "SongBook/SongBookPDF/song#141.pdf"; sourceTree = "<group>"; };
		2EA044081DDF279E0006CFE9 /* song#142.pdf */ = {isa = PBXFileReference; lastKnownFileType = image.pdf; name = "song#142.pdf"; path = "SongBook/SongBookPDF/song#142.pdf"; sourceTree = "<group>"; };
		2EA044091DDF279E0006CFE9 /* song#143.pdf */ = {isa = PBXFileReference; lastKnownFileType = image.pdf; name = "song#143.pdf"; path = "SongBook/SongBookPDF/song#143.pdf"; sourceTree = "<group>"; };
		2EA0440A1DDF279E0006CFE9 /* song#144_2.pdf */ = {isa = PBXFileReference; lastKnownFileType = image.pdf; name = "song#144_2.pdf"; path = "SongBook/SongBookPDF/song#144_2.pdf"; sourceTree = "<group>"; };
		2EA0440B1DDF279E0006CFE9 /* song#144.pdf */ = {isa = PBXFileReference; lastKnownFileType = image.pdf; name = "song#144.pdf"; path = "SongBook/SongBookPDF/song#144.pdf"; sourceTree = "<group>"; };
		2EA0440C1DDF279E0006CFE9 /* song#145.pdf */ = {isa = PBXFileReference; lastKnownFileType = image.pdf; name = "song#145.pdf"; path = "SongBook/SongBookPDF/song#145.pdf"; sourceTree = "<group>"; };
		2EA0440D1DDF279E0006CFE9 /* song#146_2.pdf */ = {isa = PBXFileReference; lastKnownFileType = image.pdf; name = "song#146_2.pdf"; path = "SongBook/SongBookPDF/song#146_2.pdf"; sourceTree = "<group>"; };
		2EA0440E1DDF279E0006CFE9 /* song#146.pdf */ = {isa = PBXFileReference; lastKnownFileType = image.pdf; name = "song#146.pdf"; path = "SongBook/SongBookPDF/song#146.pdf"; sourceTree = "<group>"; };
		2EA0440F1DDF279E0006CFE9 /* song#147.pdf */ = {isa = PBXFileReference; lastKnownFileType = image.pdf; name = "song#147.pdf"; path = "SongBook/SongBookPDF/song#147.pdf"; sourceTree = "<group>"; };
		2EA044101DDF279E0006CFE9 /* song#148_2.pdf */ = {isa = PBXFileReference; lastKnownFileType = image.pdf; name = "song#148_2.pdf"; path = "SongBook/SongBookPDF/song#148_2.pdf"; sourceTree = "<group>"; };
		2EA044111DDF279E0006CFE9 /* song#148.pdf */ = {isa = PBXFileReference; lastKnownFileType = image.pdf; name = "song#148.pdf"; path = "SongBook/SongBookPDF/song#148.pdf"; sourceTree = "<group>"; };
		2EA044121DDF279E0006CFE9 /* song#149.pdf */ = {isa = PBXFileReference; lastKnownFileType = image.pdf; name = "song#149.pdf"; path = "SongBook/SongBookPDF/song#149.pdf"; sourceTree = "<group>"; };
		2EA044131DDF279E0006CFE9 /* song#152_2.pdf */ = {isa = PBXFileReference; lastKnownFileType = image.pdf; name = "song#152_2.pdf"; path = "SongBook/SongBookPDF/song#152_2.pdf"; sourceTree = "<group>"; };
		2EA044141DDF279E0006CFE9 /* song#152.pdf */ = {isa = PBXFileReference; lastKnownFileType = image.pdf; name = "song#152.pdf"; path = "SongBook/SongBookPDF/song#152.pdf"; sourceTree = "<group>"; };
/* End PBXFileReference section */

/* Begin PBXFrameworksBuildPhase section */
		2E4636BF1DD74477004941D2 /* Frameworks */ = {
			isa = PBXFrameworksBuildPhase;
			buildActionMask = 2147483647;
			files = (
			);
			runOnlyForDeploymentPostprocessing = 0;
		};
		2E4636D31DD74478004941D2 /* Frameworks */ = {
			isa = PBXFrameworksBuildPhase;
			buildActionMask = 2147483647;
			files = (
			);
			runOnlyForDeploymentPostprocessing = 0;
		};
		2E4636DE1DD74478004941D2 /* Frameworks */ = {
			isa = PBXFrameworksBuildPhase;
			buildActionMask = 2147483647;
			files = (
			);
			runOnlyForDeploymentPostprocessing = 0;
		};
/* End PBXFrameworksBuildPhase section */

/* Begin PBXGroup section */
		2E4636B91DD74477004941D2 = {
			isa = PBXGroup;
			children = (
				2E4637591DD75017004941D2 /* PDF */,
				2E4636C41DD74477004941D2 /* SongBook */,
				2E4636D91DD74478004941D2 /* SongBookTests */,
				2E4636E41DD74478004941D2 /* SongBookUITests */,
				2E4636C31DD74477004941D2 /* Products */,
			);
			sourceTree = "<group>";
		};
		2E4636C31DD74477004941D2 /* Products */ = {
			isa = PBXGroup;
			children = (
				2E4636C21DD74477004941D2 /* SongBook.app */,
				2E4636D61DD74478004941D2 /* SongBookTests.xctest */,
				2E4636E11DD74478004941D2 /* SongBookUITests.xctest */,
			);
			name = Products;
			sourceTree = "<group>";
		};
		2E4636C41DD74477004941D2 /* SongBook */ = {
			isa = PBXGroup;
			children = (
				2E4636C51DD74477004941D2 /* AppDelegate.swift */,
				2E4636C71DD74477004941D2 /* ViewController.swift */,
				2E4636C91DD74477004941D2 /* Main.storyboard */,
				2E4636CC1DD74477004941D2 /* Assets.xcassets */,
				2E4636CE1DD74477004941D2 /* LaunchScreen.storyboard */,
				2E4636D11DD74477004941D2 /* Info.plist */,
			);
			path = SongBook;
			sourceTree = "<group>";
		};
		2E4636D91DD74478004941D2 /* SongBookTests */ = {
			isa = PBXGroup;
			children = (
				2E4636DA1DD74478004941D2 /* SongBookTests.swift */,
				2E4636DC1DD74478004941D2 /* Info.plist */,
			);
			path = SongBookTests;
			sourceTree = "<group>";
		};
		2E4636E41DD74478004941D2 /* SongBookUITests */ = {
			isa = PBXGroup;
			children = (
				2E4636E51DD74478004941D2 /* SongBookUITests.swift */,
				2E4636E71DD74478004941D2 /* Info.plist */,
			);
			path = SongBookUITests;
			sourceTree = "<group>";
		};
		2E4637591DD75017004941D2 /* PDF */ = {
			isa = PBXGroup;
			children = (
				2E4636F51DD74FCD004941D2 /* song#07.pdf */,
				2E4636F61DD74FCD004941D2 /* song#12.pdf */,
				2E4636F71DD74FCD004941D2 /* song#17_2.pdf */,
				2E4636F81DD74FCD004941D2 /* song#17.pdf */,
				2E4636F91DD74FCD004941D2 /* song#18_2.pdf */,
				2E4636FA1DD74FCD004941D2 /* song#18.pdf */,
				2E4636FB1DD74FCD004941D2 /* song#22_2.pdf */,
				2E4636FC1DD74FCD004941D2 /* song#22.pdf */,
				2E4636FD1DD74FCD004941D2 /* song#27_2.pdf */,
				2E4636FE1DD74FCD004941D2 /* song#27.pdf */,
				2E4636FF1DD74FCD004941D2 /* song#29_2.pdf */,
				2E4637001DD74FCD004941D2 /* song#29.pdf */,
				2E4637011DD74FCD004941D2 /* song#30_2.pdf */,
				2E4637021DD74FCD004941D2 /* song#30.pdf */,
				2E4637031DD74FCD004941D2 /* song#43_2.pdf */,
				2E4637041DD74FCD004941D2 /* song#43.pdf */,
				2E4637051DD74FCD004941D2 /* song#48_2.pdf */,
				2E4637061DD74FCD004941D2 /* song#48.pdf */,
				2E4637071DD74FCD004941D2 /* song#49_2.pdf */,
				2E4637081DD74FCD004941D2 /* song#49.pdf */,
				2E4637091DD74FCD004941D2 /* song#50_2.pdf */,
				2E46370A1DD74FCD004941D2 /* song#50.pdf */,
				2E46370B1DD74FCD004941D2 /* song#54_2.pdf */,
				2E46370C1DD74FCD004941D2 /* song#54.pdf */,
				2E46370D1DD74FCD004941D2 /* song#61_2.pdf */,
				2E46370E1DD74FCD004941D2 /* song#61.pdf */,
				2E46370F1DD74FCD004941D2 /* song#63.pdf */,
				2E4637101DD74FCD004941D2 /* song#66.pdf */,
				2E4637111DD74FCD004941D2 /* song#80.pdf */,
				2E4637121DD74FCD004941D2 /* song#81_2.pdf */,
				2E4637131DD74FCD004941D2 /* song#81.pdf */,
				2E4637141DD74FCD004941D2 /* song#86_2.pdf */,
				2E4637151DD74FCD004941D2 /* song#86.pdf */,
				2E4637161DD74FCD004941D2 /* song#88_2.pdf */,
				2E4637171DD74FCD004941D2 /* song#88.pdf */,
				2E4637181DD74FCD004941D2 /* song#97_2.pdf */,
				2E4637191DD74FCD004941D2 /* song#97.pdf */,
				2E46371A1DD74FCD004941D2 /* song#102_2.pdf */,
				2E46371B1DD74FCD004941D2 /* song#102.pdf */,
				2E46371C1DD74FCD004941D2 /* song#105.pdf */,
				2E46371D1DD74FCD004941D2 /* song#106.pdf */,
				2E46371E1DD74FCD004941D2 /* song#108_2.pdf */,
				2E46371F1DD74FCD004941D2 /* song#108.pdf */,
				2E4637201DD74FCD004941D2 /* song#123.pdf */,
				2E4637211DD74FCD004941D2 /* song#125_2.pdf */,
				2E4637221DD74FCD004941D2 /* song#125.pdf */,
				2E4637231DD74FCD004941D2 /* song#131_2.pdf */,
				2E4637241DD74FCD004941D2 /* song#131.pdf */,
				2E4637251DD74FCD004941D2 /* song#133_2.pdf */,
				2E4637261DD74FCD004941D2 /* song#133.pdf */,
				2EA044021DDF279E0006CFE9 /* song#136.pdf */,
				2EA044031DDF279E0006CFE9 /* song#137.pdf */,
				2EA044041DDF279E0006CFE9 /* song#138.pdf */,
				2EA044051DDF279E0006CFE9 /* song#139.pdf */,
				2EA044061DDF279E0006CFE9 /* song#140.pdf */,
				2EA044071DDF279E0006CFE9 /* song#141.pdf */,
				2EA044081DDF279E0006CFE9 /* song#142.pdf */,
				2EA044091DDF279E0006CFE9 /* song#143.pdf */,
				2EA0440A1DDF279E0006CFE9 /* song#144_2.pdf */,
				2EA0440B1DDF279E0006CFE9 /* song#144.pdf */,
				2EA0440C1DDF279E0006CFE9 /* song#145.pdf */,
				2EA0440D1DDF279E0006CFE9 /* song#146_2.pdf */,
				2EA0440E1DDF279E0006CFE9 /* song#146.pdf */,
				2EA0440F1DDF279E0006CFE9 /* song#147.pdf */,
				2EA044101DDF279E0006CFE9 /* song#148_2.pdf */,
				2EA044111DDF279E0006CFE9 /* song#148.pdf */,
				2EA044121DDF279E0006CFE9 /* song#149.pdf */,
				2EA044131DDF279E0006CFE9 /* song#152_2.pdf */,
				2EA044141DDF279E0006CFE9 /* song#152.pdf */,
			);
			name = PDF;
			sourceTree = "<group>";
		};
/* End PBXGroup section */

/* Begin PBXNativeTarget section */
		2E4636C11DD74477004941D2 /* SongBook */ = {
			isa = PBXNativeTarget;
			buildConfigurationList = 2E4636EA1DD74478004941D2 /* Build configuration list for PBXNativeTarget "SongBook" */;
			buildPhases = (
				2E4636BE1DD74477004941D2 /* Sources */,
				2E4636BF1DD74477004941D2 /* Frameworks */,
				2E4636C01DD74477004941D2 /* Resources */,
			);
			buildRules = (
			);
			dependencies = (
			);
			name = SongBook;
			productName = SongBook;
			productReference = 2E4636C21DD74477004941D2 /* SongBook.app */;
			productType = "com.apple.product-type.application";
		};
		2E4636D51DD74478004941D2 /* SongBookTests */ = {
			isa = PBXNativeTarget;
			buildConfigurationList = 2E4636ED1DD74478004941D2 /* Build configuration list for PBXNativeTarget "SongBookTests" */;
			buildPhases = (
				2E4636D21DD74478004941D2 /* Sources */,
				2E4636D31DD74478004941D2 /* Frameworks */,
				2E4636D41DD74478004941D2 /* Resources */,
			);
			buildRules = (
			);
			dependencies = (
				2E4636D81DD74478004941D2 /* PBXTargetDependency */,
			);
			name = SongBookTests;
			productName = SongBookTests;
			productReference = 2E4636D61DD74478004941D2 /* SongBookTests.xctest */;
			productType = "com.apple.product-type.bundle.unit-test";
		};
		2E4636E01DD74478004941D2 /* SongBookUITests */ = {
			isa = PBXNativeTarget;
			buildConfigurationList = 2E4636F01DD74478004941D2 /* Build configuration list for PBXNativeTarget "SongBookUITests" */;
			buildPhases = (
				2E4636DD1DD74478004941D2 /* Sources */,
				2E4636DE1DD74478004941D2 /* Frameworks */,
				2E4636DF1DD74478004941D2 /* Resources */,
			);
			buildRules = (
			);
			dependencies = (
				2E4636E31DD74478004941D2 /* PBXTargetDependency */,
			);
			name = SongBookUITests;
			productName = SongBookUITests;
			productReference = 2E4636E11DD74478004941D2 /* SongBookUITests.xctest */;
			productType = "com.apple.product-type.bundle.ui-testing";
		};
/* End PBXNativeTarget section */

/* Begin PBXProject section */
		2E4636BA1DD74477004941D2 /* Project object */ = {
			isa = PBXProject;
			attributes = {
				LastSwiftUpdateCheck = 0800;
				LastUpgradeCheck = 0800;
				ORGANIZATIONNAME = "林世豐";
				TargetAttributes = {
					2E4636C11DD74477004941D2 = {
						CreatedOnToolsVersion = 8.0;
						DevelopmentTeam = TD2N22QLUY;
						ProvisioningStyle = Automatic;
					};
					2E4636D51DD74478004941D2 = {
						CreatedOnToolsVersion = 8.0;
						ProvisioningStyle = Automatic;
						TestTargetID = 2E4636C11DD74477004941D2;
					};
					2E4636E01DD74478004941D2 = {
						CreatedOnToolsVersion = 8.0;
						ProvisioningStyle = Automatic;
						TestTargetID = 2E4636C11DD74477004941D2;
					};
				};
			};
			buildConfigurationList = 2E4636BD1DD74477004941D2 /* Build configuration list for PBXProject "SongBook" */;
			compatibilityVersion = "Xcode 3.2";
			developmentRegion = English;
			hasScannedForEncodings = 0;
			knownRegions = (
				en,
				Base,
			);
			mainGroup = 2E4636B91DD74477004941D2;
			productRefGroup = 2E4636C31DD74477004941D2 /* Products */;
			projectDirPath = "";
			projectRoot = "";
			targets = (
				2E4636C11DD74477004941D2 /* SongBook */,
				2E4636D51DD74478004941D2 /* SongBookTests */,
				2E4636E01DD74478004941D2 /* SongBookUITests */,
			);
		};
/* End PBXProject section */

/* Begin PBXResourcesBuildPhase section */
		2E4636C01DD74477004941D2 /* Resources */ = {
			isa = PBXResourcesBuildPhase;
			buildActionMask = 2147483647;
			files = (
				2E4636D01DD74477004941D2 /* LaunchScreen.storyboard in Resources */,
				2EA0441E1DDF279E0006CFE9 /* song#144.pdf in Resources */,
				2E4636CD1DD74477004941D2 /* Assets.xcassets in Resources */,
				2EA044221DDF279E0006CFE9 /* song#147.pdf in Resources */,
				2EA044201DDF279E0006CFE9 /* song#146_2.pdf in Resources */,
				2E4636CB1DD74477004941D2 /* Main.storyboard in Resources */,
				2E4637271DD74FCD004941D2 /* song#07.pdf in Resources */,
				2E4637281DD74FCD004941D2 /* song#12.pdf in Resources */,
				2EA044211DDF279E0006CFE9 /* song#146.pdf in Resources */,
				2E4637291DD74FCD004941D2 /* song#17_2.pdf in Resources */,
				2E46372A1DD74FCD004941D2 /* song#17.pdf in Resources */,
				2E46372B1DD74FCD004941D2 /* song#18_2.pdf in Resources */,
				2E46372C1DD74FCD004941D2 /* song#18.pdf in Resources */,
				2E46372D1DD74FCD004941D2 /* song#22_2.pdf in Resources */,
				2E46372E1DD74FCD004941D2 /* song#22.pdf in Resources */,
				2EA0441A1DDF279E0006CFE9 /* song#141.pdf in Resources */,
				2EA0441C1DDF279E0006CFE9 /* song#143.pdf in Resources */,
				2E46372F1DD74FCD004941D2 /* song#27_2.pdf in Resources */,
				2EA044231DDF279E0006CFE9 /* song#148_2.pdf in Resources */,
				2E4637301DD74FCD004941D2 /* song#27.pdf in Resources */,
				2E4637311DD74FCD004941D2 /* song#29_2.pdf in Resources */,
				2E4637321DD74FCD004941D2 /* song#29.pdf in Resources */,
				2EA044261DDF279E0006CFE9 /* song#152_2.pdf in Resources */,
				2E4637331DD74FCD004941D2 /* song#30_2.pdf in Resources */,
				2EA0441D1DDF279E0006CFE9 /* song#144_2.pdf in Resources */,
				2E4637341DD74FCD004941D2 /* song#30.pdf in Resources */,
				2EA044241DDF279E0006CFE9 /* song#148.pdf in Resources */,
				2E4637351DD74FCD004941D2 /* song#43_2.pdf in Resources */,
				2E4637361DD74FCD004941D2 /* song#43.pdf in Resources */,
				2E4637371DD74FCD004941D2 /* song#48_2.pdf in Resources */,
				2E4637381DD74FCD004941D2 /* song#48.pdf in Resources */,
				2E4637391DD74FCD004941D2 /* song#49_2.pdf in Resources */,
				2E46373A1DD74FCD004941D2 /* song#49.pdf in Resources */,
				2EA044191DDF279E0006CFE9 /* song#140.pdf in Resources */,
				2E46373B1DD74FCD004941D2 /* song#50_2.pdf in Resources */,
				2E46373C1DD74FCD004941D2 /* song#50.pdf in Resources */,
				2E46373D1DD74FCD004941D2 /* song#54_2.pdf in Resources */,
				2EA044171DDF279E0006CFE9 /* song#138.pdf in Resources */,
				2E46373E1DD74FCD004941D2 /* song#54.pdf in Resources */,
				2E46373F1DD74FCD004941D2 /* song#61_2.pdf in Resources */,
				2EA044151DDF279E0006CFE9 /* song#136.pdf in Resources */,
				2E4637401DD74FCD004941D2 /* song#61.pdf in Resources */,
				2E4637411DD74FCD004941D2 /* song#63.pdf in Resources */,
				2E4637421DD74FCD004941D2 /* song#66.pdf in Resources */,
				2E4637431DD74FCD004941D2 /* song#80.pdf in Resources */,
				2EA044251DDF279E0006CFE9 /* song#149.pdf in Resources */,
				2EA044271DDF279E0006CFE9 /* song#152.pdf in Resources */,
				2E4637441DD74FCD004941D2 /* song#81_2.pdf in Resources */,
				2EA0441F1DDF279E0006CFE9 /* song#145.pdf in Resources */,
				2E4637451DD74FCD004941D2 /* song#81.pdf in Resources */,
				2E4637461DD74FCD004941D2 /* song#86_2.pdf in Resources */,
				2E4637471DD74FCD004941D2 /* song#86.pdf in Resources */,
				2E4637481DD74FCD004941D2 /* song#88_2.pdf in Resources */,
				2E4637491DD74FCD004941D2 /* song#88.pdf in Resources */,
				2E46374A1DD74FCD004941D2 /* song#97_2.pdf in Resources */,
				2E46374B1DD74FCD004941D2 /* song#97.pdf in Resources */,
				2E46374C1DD74FCD004941D2 /* song#102_2.pdf in Resources */,
				2E46374D1DD74FCD004941D2 /* song#102.pdf in Resources */,
				2E46374E1DD74FCD004941D2 /* song#105.pdf in Resources */,
				2EA044161DDF279E0006CFE9 /* song#137.pdf in Resources */,
				2E46374F1DD74FCD004941D2 /* song#106.pdf in Resources */,
				2EA0441B1DDF279E0006CFE9 /* song#142.pdf in Resources */,
				2E4637501DD74FCD004941D2 /* song#108_2.pdf in Resources */,
				2E4637511DD74FCD004941D2 /* song#108.pdf in Resources */,
				2E4637521DD74FCD004941D2 /* song#123.pdf in Resources */,
				2E4637531DD74FCD004941D2 /* song#125_2.pdf in Resources */,
				2E4637541DD74FCD004941D2 /* song#125.pdf in Resources */,
				2EA044181DDF279E0006CFE9 /* song#139.pdf in Resources */,
				2E4637551DD74FCD004941D2 /* song#131_2.pdf in Resources */,
				2E4637561DD74FCD004941D2 /* song#131.pdf in Resources */,
				2E4637571DD74FCD004941D2 /* song#133_2.pdf in Resources */,
				2E4637581DD74FCD004941D2 /* song#133.pdf in Resources */,
			);
			runOnlyForDeploymentPostprocessing = 0;
		};
		2E4636D41DD74478004941D2 /* Resources */ = {
			isa = PBXResourcesBuildPhase;
			buildActionMask = 2147483647;
			files = (
			);
			runOnlyForDeploymentPostprocessing = 0;
		};
		2E4636DF1DD74478004941D2 /* Resources */ = {
			isa = PBXResourcesBuildPhase;
			buildActionMask = 2147483647;
			files = (
			);
			runOnlyForDeploymentPostprocessing = 0;
		};
/* End PBXResourcesBuildPhase section */

/* Begin PBXSourcesBuildPhase section */
		2E4636BE1DD74477004941D2 /* Sources */ = {
			isa = PBXSourcesBuildPhase;
			buildActionMask = 2147483647;
			files = (
				2E4636C81DD74477004941D2 /* ViewController.swift in Sources */,
				2E4636C61DD74477004941D2 /* AppDelegate.swift in Sources */,
			);
			runOnlyForDeploymentPostprocessing = 0;
		};
		2E4636D21DD74478004941D2 /* Sources */ = {
			isa = PBXSourcesBuildPhase;
			buildActionMask = 2147483647;
			files = (
				2E4636DB1DD74478004941D2 /* SongBookTests.swift in Sources */,
			);
			runOnlyForDeploymentPostprocessing = 0;
		};
		2E4636DD1DD74478004941D2 /* Sources */ = {
			isa = PBXSourcesBuildPhase;
			buildActionMask = 2147483647;
			files = (
				2E4636E61DD74478004941D2 /* SongBookUITests.swift in Sources */,
			);
			runOnlyForDeploymentPostprocessing = 0;
		};
/* End PBXSourcesBuildPhase section */

/* Begin PBXTargetDependency section */
		2E4636D81DD74478004941D2 /* PBXTargetDependency */ = {
			isa = PBXTargetDependency;
			target = 2E4636C11DD74477004941D2 /* SongBook */;
			targetProxy = 2E4636D71DD74478004941D2 /* PBXContainerItemProxy */;
		};
		2E4636E31DD74478004941D2 /* PBXTargetDependency */ = {
			isa = PBXTargetDependency;
			target = 2E4636C11DD74477004941D2 /* SongBook */;
			targetProxy = 2E4636E21DD74478004941D2 /* PBXContainerItemProxy */;
		};
/* End PBXTargetDependency section */

/* Begin PBXVariantGroup section */
		2E4636C91DD74477004941D2 /* Main.storyboard */ = {
			isa = PBXVariantGroup;
			children = (
				2E4636CA1DD74477004941D2 /* Base */,
			);
			name = Main.storyboard;
			sourceTree = "<group>";
		};
		2E4636CE1DD74477004941D2 /* LaunchScreen.storyboard */ = {
			isa = PBXVariantGroup;
			children = (
				2E4636CF1DD74477004941D2 /* Base */,
			);
			name = LaunchScreen.storyboard;
			sourceTree = "<group>";
		};
/* End PBXVariantGroup section */

/* Begin XCBuildConfiguration section */
		2E4636E81DD74478004941D2 /* Debug */ = {
			isa = XCBuildConfiguration;
			buildSettings = {
				ALWAYS_SEARCH_USER_PATHS = NO;
				CLANG_ANALYZER_NONNULL = YES;
				CLANG_CXX_LANGUAGE_STANDARD = "gnu++0x";
				CLANG_CXX_LIBRARY = "libc++";
				CLANG_ENABLE_MODULES = YES;
				CLANG_ENABLE_OBJC_ARC = YES;
				CLANG_WARN_BOOL_CONVERSION = YES;
				CLANG_WARN_CONSTANT_CONVERSION = YES;
				CLANG_WARN_DIRECT_OBJC_ISA_USAGE = YES_ERROR;
				CLANG_WARN_DOCUMENTATION_COMMENTS = YES;
				CLANG_WARN_EMPTY_BODY = YES;
				CLANG_WARN_ENUM_CONVERSION = YES;
				CLANG_WARN_INFINITE_RECURSION = YES;
				CLANG_WARN_INT_CONVERSION = YES;
				CLANG_WARN_OBJC_ROOT_CLASS = YES_ERROR;
				CLANG_WARN_SUSPICIOUS_MOVES = YES;
				CLANG_WARN_UNREACHABLE_CODE = YES;
				CLANG_WARN__DUPLICATE_METHOD_MATCH = YES;
				"CODE_SIGN_IDENTITY[sdk=iphoneos*]" = "iPhone Developer";
				COPY_PHASE_STRIP = NO;
				DEBUG_INFORMATION_FORMAT = dwarf;
				ENABLE_STRICT_OBJC_MSGSEND = YES;
				ENABLE_TESTABILITY = YES;
				GCC_C_LANGUAGE_STANDARD = gnu99;
				GCC_DYNAMIC_NO_PIC = NO;
				GCC_NO_COMMON_BLOCKS = YES;
				GCC_OPTIMIZATION_LEVEL = 0;
				GCC_PREPROCESSOR_DEFINITIONS = (
					"DEBUG=1",
					"$(inherited)",
				);
				GCC_WARN_64_TO_32_BIT_CONVERSION = YES;
				GCC_WARN_ABOUT_RETURN_TYPE = YES_ERROR;
				GCC_WARN_UNDECLARED_SELECTOR = YES;
				GCC_WARN_UNINITIALIZED_AUTOS = YES_AGGRESSIVE;
				GCC_WARN_UNUSED_FUNCTION = YES;
				GCC_WARN_UNUSED_VARIABLE = YES;
				IPHONEOS_DEPLOYMENT_TARGET = 10.0;
				MTL_ENABLE_DEBUG_INFO = YES;
				ONLY_ACTIVE_ARCH = YES;
				SDKROOT = iphoneos;
				SWIFT_ACTIVE_COMPILATION_CONDITIONS = DEBUG;
				SWIFT_OPTIMIZATION_LEVEL = "-Onone";
				TARGETED_DEVICE_FAMILY = "1,2";
			};
			name = Debug;
		};
		2E4636E91DD74478004941D2 /* Release */ = {
			isa = XCBuildConfiguration;
			buildSettings = {
				ALWAYS_SEARCH_USER_PATHS = NO;
				CLANG_ANALYZER_NONNULL = YES;
				CLANG_CXX_LANGUAGE_STANDARD = "gnu++0x";
				CLANG_CXX_LIBRARY = "libc++";
				CLANG_ENABLE_MODULES = YES;
				CLANG_ENABLE_OBJC_ARC = YES;
				CLANG_WARN_BOOL_CONVERSION = YES;
				CLANG_WARN_CONSTANT_CONVERSION = YES;
				CLANG_WARN_DIRECT_OBJC_ISA_USAGE = YES_ERROR;
				CLANG_WARN_DOCUMENTATION_COMMENTS = YES;
				CLANG_WARN_EMPTY_BODY = YES;
				CLANG_WARN_ENUM_CONVERSION = YES;
				CLANG_WARN_INFINITE_RECURSION = YES;
				CLANG_WARN_INT_CONVERSION = YES;
				CLANG_WARN_OBJC_ROOT_CLASS = YES_ERROR;
				CLANG_WARN_SUSPICIOUS_MOVES = YES;
				CLANG_WARN_UNREACHABLE_CODE = YES;
				CLANG_WARN__DUPLICATE_METHOD_MATCH = YES;
				"CODE_SIGN_IDENTITY[sdk=iphoneos*]" = "iPhone Developer";
				COPY_PHASE_STRIP = NO;
				DEBUG_INFORMATION_FORMAT = "dwarf-with-dsym";
				ENABLE_NS_ASSERTIONS = NO;
				ENABLE_STRICT_OBJC_MSGSEND = YES;
				GCC_C_LANGUAGE_STANDARD = gnu99;
				GCC_NO_COMMON_BLOCKS = YES;
				GCC_WARN_64_TO_32_BIT_CONVERSION = YES;
				GCC_WARN_ABOUT_RETURN_TYPE = YES_ERROR;
				GCC_WARN_UNDECLARED_SELECTOR = YES;
				GCC_WARN_UNINITIALIZED_AUTOS = YES_AGGRESSIVE;
				GCC_WARN_UNUSED_FUNCTION = YES;
				GCC_WARN_UNUSED_VARIABLE = YES;
				IPHONEOS_DEPLOYMENT_TARGET = 10.0;
				MTL_ENABLE_DEBUG_INFO = NO;
				SDKROOT = iphoneos;
				SWIFT_OPTIMIZATION_LEVEL = "-Owholemodule";
				TARGETED_DEVICE_FAMILY = "1,2";
				VALIDATE_PRODUCT = YES;
			};
			name = Release;
		};
		2E4636EB1DD74478004941D2 /* Debug */ = {
			isa = XCBuildConfiguration;
			buildSettings = {
				ASSETCATALOG_COMPILER_APPICON_NAME = AppIcon;
				DEVELOPMENT_TEAM = TD2N22QLUY;
				INFOPLIST_FILE = SongBook/Info.plist;
				IPHONEOS_DEPLOYMENT_TARGET = 8.0;
				LD_RUNPATH_SEARCH_PATHS = "$(inherited) @executable_path/Frameworks";
				PRODUCT_BUNDLE_IDENTIFIER = noahleft.SongBook;
				PRODUCT_NAME = "$(TARGET_NAME)";
				SWIFT_VERSION = 3.0;
			};
			name = Debug;
		};
		2E4636EC1DD74478004941D2 /* Release */ = {
			isa = XCBuildConfiguration;
			buildSettings = {
				ASSETCATALOG_COMPILER_APPICON_NAME = AppIcon;
				DEVELOPMENT_TEAM = TD2N22QLUY;
				INFOPLIST_FILE = SongBook/Info.plist;
				IPHONEOS_DEPLOYMENT_TARGET = 8.0;
				LD_RUNPATH_SEARCH_PATHS = "$(inherited) @executable_path/Frameworks";
				PRODUCT_BUNDLE_IDENTIFIER = noahleft.SongBook;
				PRODUCT_NAME = "$(TARGET_NAME)";
				SWIFT_VERSION = 3.0;
			};
			name = Release;
		};
		2E4636EE1DD74478004941D2 /* Debug */ = {
			isa = XCBuildConfiguration;
			buildSettings = {
				ALWAYS_EMBED_SWIFT_STANDARD_LIBRARIES = YES;
				BUNDLE_LOADER = "$(TEST_HOST)";
				INFOPLIST_FILE = SongBookTests/Info.plist;
				LD_RUNPATH_SEARCH_PATHS = "$(inherited) @executable_path/Frameworks @loader_path/Frameworks";
				PRODUCT_BUNDLE_IDENTIFIER = noahleft.SongBookTests;
				PRODUCT_NAME = "$(TARGET_NAME)";
				SWIFT_VERSION = 3.0;
				TEST_HOST = "$(BUILT_PRODUCTS_DIR)/SongBook.app/SongBook";
			};
			name = Debug;
		};
		2E4636EF1DD74478004941D2 /* Release */ = {
			isa = XCBuildConfiguration;
			buildSettings = {
				ALWAYS_EMBED_SWIFT_STANDARD_LIBRARIES = YES;
				BUNDLE_LOADER = "$(TEST_HOST)";
				INFOPLIST_FILE = SongBookTests/Info.plist;
				LD_RUNPATH_SEARCH_PATHS = "$(inherited) @executable_path/Frameworks @loader_path/Frameworks";
				PRODUCT_BUNDLE_IDENTIFIER = noahleft.SongBookTests;
				PRODUCT_NAME = "$(TARGET_NAME)";
				SWIFT_VERSION = 3.0;
				TEST_HOST = "$(BUILT_PRODUCTS_DIR)/SongBook.app/SongBook";
			};
			name = Release;
		};
		2E4636F11DD74478004941D2 /* Debug */ = {
			isa = XCBuildConfiguration;
			buildSettings = {
				ALWAYS_EMBED_SWIFT_STANDARD_LIBRARIES = YES;
				INFOPLIST_FILE = SongBookUITests/Info.plist;
				LD_RUNPATH_SEARCH_PATHS = "$(inherited) @executable_path/Frameworks @loader_path/Frameworks";
				PRODUCT_BUNDLE_IDENTIFIER = noahleft.SongBookUITests;
				PRODUCT_NAME = "$(TARGET_NAME)";
				SWIFT_VERSION = 3.0;
				TEST_TARGET_NAME = SongBook;
			};
			name = Debug;
		};
		2E4636F21DD74478004941D2 /* Release */ = {
			isa = XCBuildConfiguration;
			buildSettings = {
				ALWAYS_EMBED_SWIFT_STANDARD_LIBRARIES = YES;
				INFOPLIST_FILE = SongBookUITests/Info.plist;
				LD_RUNPATH_SEARCH_PATHS = "$(inherited) @executable_path/Frameworks @loader_path/Frameworks";
				PRODUCT_BUNDLE_IDENTIFIER = noahleft.SongBookUITests;
				PRODUCT_NAME = "$(TARGET_NAME)";
				SWIFT_VERSION = 3.0;
				TEST_TARGET_NAME = SongBook;
			};
			name = Release;
		};
/* End XCBuildConfiguration section */

/* Begin XCConfigurationList section */
		2E4636BD1DD74477004941D2 /* Build configuration list for PBXProject "SongBook" */ = {
			isa = XCConfigurationList;
			buildConfigurations = (
				2E4636E81DD74478004941D2 /* Debug */,
				2E4636E91DD74478004941D2 /* Release */,
			);
			defaultConfigurationIsVisible = 0;
			defaultConfigurationName = Release;
		};
		2E4636EA1DD74478004941D2 /* Build configuration list for PBXNativeTarget "SongBook" */ = {
			isa = XCConfigurationList;
			buildConfigurations = (
				2E4636EB1DD74478004941D2 /* Debug */,
				2E4636EC1DD74478004941D2 /* Release */,
			);
			defaultConfigurationIsVisible = 0;
			defaultConfigurationName = Release;
		};
		2E4636ED1DD74478004941D2 /* Build configuration list for PBXNativeTarget "SongBookTests" */ = {
			isa = XCConfigurationList;
			buildConfigurations = (
				2E4636EE1DD74478004941D2 /* Debug */,
				2E4636EF1DD74478004941D2 /* Release */,
			);
			defaultConfigurationIsVisible = 0;
			defaultConfigurationName = Release;
		};
		2E4636F01DD74478004941D2 /* Build configuration list for PBXNativeTarget "SongBookUITests" */ = {
			isa = XCConfigurationList;
			buildConfigurations = (
				2E4636F11DD74478004941D2 /* Debug */,
				2E4636F21DD74478004941D2 /* Release */,
			);
			defaultConfigurationIsVisible = 0;
			defaultConfigurationName = Release;
		};
/* End XCConfigurationList section */
	};
	rootObject = 2E4636BA1DD74477004941D2 /* Project object */;
}
